
Microsoft Visual Studio Solution File, Format Version 12.00
# Visual Studio Version 17
VisualStudioVersion = 17.9.34728.123
MinimumVisualStudioVersion = 10.0.40219.1
Project("{9A19103F-16F7-4668-BE54-9A1E7A4F7556}") = "MatchPlugin", "MatchPlugin.csproj", "{F18354A6-C43C-415B-A0B6-F90FBEBFE889}"
EndProject
Global
	GlobalSection(SolutionConfigurationPlatforms) = preSolution
		Debug|Any CPU = Debug|Any CPU
		Release|Any CPU = Release|Any CPU
	EndGlobalSection
	GlobalSection(ProjectConfigurationPlatforms) = postSolution
		{F18354A6-C43C-415B-A0B6-F90FBEBFE889}.Debug|Any CPU.ActiveCfg = Debug|Any CPU
		{F18354A6-C43C-415B-A0B6-F90FBEBFE889}.Debug|Any CPU.Build.0 = Debug|Any CPU
		{F18354A6-C43C-415B-A0B6-F90FBEBFE889}.Release|Any CPU.ActiveCfg = Release|Any CPU
		{F18354A6-C43C-415B-A0B6-F90FBEBFE889}.Release|Any CPU.Build.0 = Release|Any CPU
	EndGlobalSection
	GlobalSection(SolutionProperties) = preSolution
		HideSolutionNode = FALSE
	EndGlobalSection
	GlobalSection(ExtensibilityGlobals) = postSolution
		SolutionGuid = {04C931D5-8A29-4BE6-A543-8A523479B2B2}
	EndGlobalSection
EndGlobal
